
Microsoft Visual Studio Solution File, Format Version 12.00
# Visual Studio Version 17
VisualStudioVersion = 17.9.34902.65
MinimumVisualStudioVersion = 10.0.40219.1
Project("{FAE04EC0-301F-11D3-BF4B-00C04F79EFBC}") = "MessMate.API", "MessMate.API\MessMate.API.csproj", "{241B2C19-7F2B-4E0C-A285-F576CC88ED8B}"
EndProject
Global
	GlobalSection(SolutionConfigurationPlatforms) = preSolution
		Debug|Any CPU = Debug|Any CPU
		Release|Any CPU = Release|Any CPU
	EndGlobalSection
	GlobalSection(ProjectConfigurationPlatforms) = postSolution
		{241B2C19-7F2B-4E0C-A285-F576CC88ED8B}.Debug|Any CPU.ActiveCfg = Debug|Any CPU
		{241B2C19-7F2B-4E0C-A285-F576CC88ED8B}.Debug|Any CPU.Build.0 = Debug|Any CPU
		{241B2C19-7F2B-4E0C-A285-F576CC88ED8B}.Release|Any CPU.ActiveCfg = Release|Any CPU
		{241B2C19-7F2B-4E0C-A285-F576CC88ED8B}.Release|Any CPU.Build.0 = Release|Any CPU
	EndGlobalSection
	GlobalSection(SolutionProperties) = preSolution
		HideSolutionNode = FALSE
	EndGlobalSection
	GlobalSection(ExtensibilityGlobals) = postSolution
		SolutionGuid = {E61CEAF1-1CD1-4515-A538-4C14C19C294F}
	EndGlobalSection
EndGlobal
